// !$*UTF8*$!
{
	archiveVersion = 1;
	classes = {
	};
	objectVersion = 50;
	objects = {

/* Begin PBXBuildFile section */
		0D00029C0D2DB0ECA6B2495F /* Pods_PRDemoApp.framework in Frameworks */ = {isa = PBXBuildFile; fileRef = 97FEBE6D7B02D0B32152703E /* Pods_PRDemoApp.framework */; };
		2243562320CD208A006472A3 /* AppDelegate.swift in Sources */ = {isa = PBXBuildFile; fileRef = 2243562220CD208A006472A3 /* AppDelegate.swift */; };
		2243562A20CD208C006472A3 /* Assets.xcassets in Resources */ = {isa = PBXBuildFile; fileRef = 2243562920CD208C006472A3 /* Assets.xcassets */; };
		2243562D20CD208C006472A3 /* LaunchScreen.storyboard in Resources */ = {isa = PBXBuildFile; fileRef = 2243562B20CD208C006472A3 /* LaunchScreen.storyboard */; };
		2243563820CD208C006472A3 /* PRDemoAppTests.swift in Sources */ = {isa = PBXBuildFile; fileRef = 2243563720CD208C006472A3 /* PRDemoAppTests.swift */; };
		2243564320CD208C006472A3 /* PRDemoAppUITests.swift in Sources */ = {isa = PBXBuildFile; fileRef = 2243564220CD208C006472A3 /* PRDemoAppUITests.swift */; };
		9D6489E0500A2715BC6E1538 /* Pods_PRDemoAppTests.framework in Frameworks */ = {isa = PBXBuildFile; fileRef = 62601C344125337719033944 /* Pods_PRDemoAppTests.framework */; };
		F4DB4B4BDC1D18E0EC7026D9 /* Pods_PRDemoAppUITests.framework in Frameworks */ = {isa = PBXBuildFile; fileRef = FCF6A3AE2B9EDC279A2546EF /* Pods_PRDemoAppUITests.framework */; };
/* End PBXBuildFile section */

/* Begin PBXContainerItemProxy section */
		2243563420CD208C006472A3 /* PBXContainerItemProxy */ = {
			isa = PBXContainerItemProxy;
			containerPortal = 2243561720CD208A006472A3 /* Project object */;
			proxyType = 1;
			remoteGlobalIDString = 2243561E20CD208A006472A3;
			remoteInfo = PRDemoApp;
		};
		2243563F20CD208C006472A3 /* PBXContainerItemProxy */ = {
			isa = PBXContainerItemProxy;
			containerPortal = 2243561720CD208A006472A3 /* Project object */;
			proxyType = 1;
			remoteGlobalIDString = 2243561E20CD208A006472A3;
			remoteInfo = PRDemoApp;
		};
/* End PBXContainerItemProxy section */

/* Begin PBXFileReference section */
		2243561F20CD208A006472A3 /* PRDemoApp.app */ = {isa = PBXFileReference; explicitFileType = wrapper.application; includeInIndex = 0; path = PRDemoApp.app; sourceTree = BUILT_PRODUCTS_DIR; };
		2243562220CD208A006472A3 /* AppDelegate.swift */ = {isa = PBXFileReference; lastKnownFileType = sourcecode.swift; path = AppDelegate.swift; sourceTree = "<group>"; };
		2243562920CD208C006472A3 /* Assets.xcassets */ = {isa = PBXFileReference; lastKnownFileType = folder.assetcatalog; path = Assets.xcassets; sourceTree = "<group>"; };
		2243562C20CD208C006472A3 /* Base */ = {isa = PBXFileReference; lastKnownFileType = file.storyboard; name = Base; path = Base.lproj/LaunchScreen.storyboard; sourceTree = "<group>"; };
		2243562E20CD208C006472A3 /* Info.plist */ = {isa = PBXFileReference; lastKnownFileType = text.plist.xml; path = Info.plist; sourceTree = "<group>"; };
		2243563320CD208C006472A3 /* PRDemoAppTests.xctest */ = {isa = PBXFileReference; explicitFileType = wrapper.cfbundle; includeInIndex = 0; path = PRDemoAppTests.xctest; sourceTree = BUILT_PRODUCTS_DIR; };
		2243563720CD208C006472A3 /* PRDemoAppTests.swift */ = {isa = PBXFileReference; lastKnownFileType = sourcecode.swift; path = PRDemoAppTests.swift; sourceTree = "<group>"; };
		2243563920CD208C006472A3 /* Info.plist */ = {isa = PBXFileReference; lastKnownFileType = text.plist.xml; path = Info.plist; sourceTree = "<group>"; };
		2243563E20CD208C006472A3 /* PRDemoAppUITests.xctest */ = {isa = PBXFileReference; explicitFileType = wrapper.cfbundle; includeInIndex = 0; path = PRDemoAppUITests.xctest; sourceTree = BUILT_PRODUCTS_DIR; };
		2243564220CD208C006472A3 /* PRDemoAppUITests.swift */ = {isa = PBXFileReference; lastKnownFileType = sourcecode.swift; path = PRDemoAppUITests.swift; sourceTree = "<group>"; };
		2243564420CD208C006472A3 /* Info.plist */ = {isa = PBXFileReference; lastKnownFileType = text.plist.xml; path = Info.plist; sourceTree = "<group>"; };
		2712C9C0E409CBFEF48B2B6F /* Pods-PRDemoAppTests.release.xcconfig */ = {isa = PBXFileReference; includeInIndex = 1; lastKnownFileType = text.xcconfig; name = "Pods-PRDemoAppTests.release.xcconfig"; path = "Pods/Target Support Files/Pods-PRDemoAppTests/Pods-PRDemoAppTests.release.xcconfig"; sourceTree = "<group>"; };
		36DD919A1F0B8BBA0B2BA634 /* Pods-PRDemoApp.release.xcconfig */ = {isa = PBXFileReference; includeInIndex = 1; lastKnownFileType = text.xcconfig; name = "Pods-PRDemoApp.release.xcconfig"; path = "Pods/Target Support Files/Pods-PRDemoApp/Pods-PRDemoApp.release.xcconfig"; sourceTree = "<group>"; };
		62601C344125337719033944 /* Pods_PRDemoAppTests.framework */ = {isa = PBXFileReference; explicitFileType = wrapper.framework; includeInIndex = 0; path = Pods_PRDemoAppTests.framework; sourceTree = BUILT_PRODUCTS_DIR; };
		822D8CC98075F8B9D320D345 /* Pods-PRDemoAppUITests.debug.xcconfig */ = {isa = PBXFileReference; includeInIndex = 1; lastKnownFileType = text.xcconfig; name = "Pods-PRDemoAppUITests.debug.xcconfig"; path = "Pods/Target Support Files/Pods-PRDemoAppUITests/Pods-PRDemoAppUITests.debug.xcconfig"; sourceTree = "<group>"; };
		97FEBE6D7B02D0B32152703E /* Pods_PRDemoApp.framework */ = {isa = PBXFileReference; explicitFileType = wrapper.framework; includeInIndex = 0; path = Pods_PRDemoApp.framework; sourceTree = BUILT_PRODUCTS_DIR; };
		A5F1234090A3217357DF1720 /* Pods-PRDemoAppTests.debug.xcconfig */ = {isa = PBXFileReference; includeInIndex = 1; lastKnownFileType = text.xcconfig; name = "Pods-PRDemoAppTests.debug.xcconfig"; path = "Pods/Target Support Files/Pods-PRDemoAppTests/Pods-PRDemoAppTests.debug.xcconfig"; sourceTree = "<group>"; };
		E2DAC7F497FF2B748B5A9693 /* Pods-PRDemoApp.debug.xcconfig */ = {isa = PBXFileReference; includeInIndex = 1; lastKnownFileType = text.xcconfig; name = "Pods-PRDemoApp.debug.xcconfig"; path = "Pods/Target Support Files/Pods-PRDemoApp/Pods-PRDemoApp.debug.xcconfig"; sourceTree = "<group>"; };
		F170B9D0B9676F60B898409A /* Pods-PRDemoAppUITests.release.xcconfig */ = {isa = PBXFileReference; includeInIndex = 1; lastKnownFileType = text.xcconfig; name = "Pods-PRDemoAppUITests.release.xcconfig"; path = "Pods/Target Support Files/Pods-PRDemoAppUITests/Pods-PRDemoAppUITests.release.xcconfig"; sourceTree = "<group>"; };
		FCF6A3AE2B9EDC279A2546EF /* Pods_PRDemoAppUITests.framework */ = {isa = PBXFileReference; explicitFileType = wrapper.framework; includeInIndex = 0; path = Pods_PRDemoAppUITests.framework; sourceTree = BUILT_PRODUCTS_DIR; };
/* End PBXFileReference section */

/* Begin PBXFrameworksBuildPhase section */
		2243561C20CD208A006472A3 /* Frameworks */ = {
			isa = PBXFrameworksBuildPhase;
			buildActionMask = 2147483647;
			files = (
				0D00029C0D2DB0ECA6B2495F /* Pods_PRDemoApp.framework in Frameworks */,
			);
			runOnlyForDeploymentPostprocessing = 0;
		};
		2243563020CD208C006472A3 /* Frameworks */ = {
			isa = PBXFrameworksBuildPhase;
			buildActionMask = 2147483647;
			files = (
				9D6489E0500A2715BC6E1538 /* Pods_PRDemoAppTests.framework in Frameworks */,
			);
			runOnlyForDeploymentPostprocessing = 0;
		};
		2243563B20CD208C006472A3 /* Frameworks */ = {
			isa = PBXFrameworksBuildPhase;
			buildActionMask = 2147483647;
			files = (
				F4DB4B4BDC1D18E0EC7026D9 /* Pods_PRDemoAppUITests.framework in Frameworks */,
			);
			runOnlyForDeploymentPostprocessing = 0;
		};
/* End PBXFrameworksBuildPhase section */

/* Begin PBXGroup section */
		2243561620CD208A006472A3 = {
			isa = PBXGroup;
			children = (
				2243562120CD208A006472A3 /* PRDemoApp */,
				2243563620CD208C006472A3 /* PRDemoAppTests */,
				2243564120CD208C006472A3 /* PRDemoAppUITests */,
				2243562020CD208A006472A3 /* Products */,
				4A3300B95FF2A00223F552CC /* Pods */,
				E3A75E6707900F9B5528071F /* Frameworks */,
			);
			sourceTree = "<group>";
		};
		2243562020CD208A006472A3 /* Products */ = {
			isa = PBXGroup;
			children = (
				2243561F20CD208A006472A3 /* PRDemoApp.app */,
				2243563320CD208C006472A3 /* PRDemoAppTests.xctest */,
				2243563E20CD208C006472A3 /* PRDemoAppUITests.xctest */,
			);
			name = Products;
			sourceTree = "<group>";
		};
		2243562120CD208A006472A3 /* PRDemoApp */ = {
			isa = PBXGroup;
			children = (
				2243562220CD208A006472A3 /* AppDelegate.swift */,
				2243562920CD208C006472A3 /* Assets.xcassets */,
				2243562B20CD208C006472A3 /* LaunchScreen.storyboard */,
				2243562E20CD208C006472A3 /* Info.plist */,
			);
			path = PRDemoApp;
			sourceTree = "<group>";
		};
		2243563620CD208C006472A3 /* PRDemoAppTests */ = {
			isa = PBXGroup;
			children = (
				2243563720CD208C006472A3 /* PRDemoAppTests.swift */,
				2243563920CD208C006472A3 /* Info.plist */,
			);
			path = PRDemoAppTests;
			sourceTree = "<group>";
		};
		2243564120CD208C006472A3 /* PRDemoAppUITests */ = {
			isa = PBXGroup;
			children = (
				2243564220CD208C006472A3 /* PRDemoAppUITests.swift */,
				2243564420CD208C006472A3 /* Info.plist */,
			);
			path = PRDemoAppUITests;
			sourceTree = "<group>";
		};
		4A3300B95FF2A00223F552CC /* Pods */ = {
			isa = PBXGroup;
			children = (
				E2DAC7F497FF2B748B5A9693 /* Pods-PRDemoApp.debug.xcconfig */,
				36DD919A1F0B8BBA0B2BA634 /* Pods-PRDemoApp.release.xcconfig */,
				A5F1234090A3217357DF1720 /* Pods-PRDemoAppTests.debug.xcconfig */,
				2712C9C0E409CBFEF48B2B6F /* Pods-PRDemoAppTests.release.xcconfig */,
				822D8CC98075F8B9D320D345 /* Pods-PRDemoAppUITests.debug.xcconfig */,
				F170B9D0B9676F60B898409A /* Pods-PRDemoAppUITests.release.xcconfig */,
			);
			name = Pods;
			sourceTree = "<group>";
		};
		E3A75E6707900F9B5528071F /* Frameworks */ = {
			isa = PBXGroup;
			children = (
				97FEBE6D7B02D0B32152703E /* Pods_PRDemoApp.framework */,
				62601C344125337719033944 /* Pods_PRDemoAppTests.framework */,
				FCF6A3AE2B9EDC279A2546EF /* Pods_PRDemoAppUITests.framework */,
			);
			name = Frameworks;
			sourceTree = "<group>";
		};
/* End PBXGroup section */

/* Begin PBXNativeTarget section */
		2243561E20CD208A006472A3 /* PRDemoApp */ = {
			isa = PBXNativeTarget;
			buildConfigurationList = 2243564720CD208C006472A3 /* Build configuration list for PBXNativeTarget "PRDemoApp" */;
			buildPhases = (
				EFFD35DEC99BD0BA37228846 /* [CP] Check Pods Manifest.lock */,
				2243565020CD2175006472A3 /* Swiftlint */,
				2243561B20CD208A006472A3 /* Sources */,
				2243561C20CD208A006472A3 /* Frameworks */,
				2243561D20CD208A006472A3 /* Resources */,
				70E4F94E713573A38AEB07B6 /* [CP] Embed Pods Frameworks */,
			);
			buildRules = (
			);
			dependencies = (
			);
			name = PRDemoApp;
			productName = PRDemoApp;
			productReference = 2243561F20CD208A006472A3 /* PRDemoApp.app */;
			productType = "com.apple.product-type.application";
		};
		2243563220CD208C006472A3 /* PRDemoAppTests */ = {
			isa = PBXNativeTarget;
			buildConfigurationList = 2243564A20CD208C006472A3 /* Build configuration list for PBXNativeTarget "PRDemoAppTests" */;
			buildPhases = (
				4BD6513D5A5D3D876507F76D /* [CP] Check Pods Manifest.lock */,
				2243562F20CD208C006472A3 /* Sources */,
				2243563020CD208C006472A3 /* Frameworks */,
				2243563120CD208C006472A3 /* Resources */,
			);
			buildRules = (
			);
			dependencies = (
				2243563520CD208C006472A3 /* PBXTargetDependency */,
			);
			name = PRDemoAppTests;
			productName = PRDemoAppTests;
			productReference = 2243563320CD208C006472A3 /* PRDemoAppTests.xctest */;
			productType = "com.apple.product-type.bundle.unit-test";
		};
		2243563D20CD208C006472A3 /* PRDemoAppUITests */ = {
			isa = PBXNativeTarget;
			buildConfigurationList = 2243564D20CD208C006472A3 /* Build configuration list for PBXNativeTarget "PRDemoAppUITests" */;
			buildPhases = (
				B7AF0270718164372F58AE45 /* [CP] Check Pods Manifest.lock */,
				2243563A20CD208C006472A3 /* Sources */,
				2243563B20CD208C006472A3 /* Frameworks */,
				2243563C20CD208C006472A3 /* Resources */,
			);
			buildRules = (
			);
			dependencies = (
				2243564020CD208C006472A3 /* PBXTargetDependency */,
			);
			name = PRDemoAppUITests;
			productName = PRDemoAppUITests;
			productReference = 2243563E20CD208C006472A3 /* PRDemoAppUITests.xctest */;
			productType = "com.apple.product-type.bundle.ui-testing";
		};
/* End PBXNativeTarget section */

/* Begin PBXProject section */
		2243561720CD208A006472A3 /* Project object */ = {
			isa = PBXProject;
			attributes = {
				LastSwiftUpdateCheck = 0940;
				LastUpgradeCheck = 0940;
				ORGANIZATIONNAME = "Sam Watts";
				TargetAttributes = {
					2243561E20CD208A006472A3 = {
						CreatedOnToolsVersion = 9.4;
					};
					2243563220CD208C006472A3 = {
						CreatedOnToolsVersion = 9.4;
						TestTargetID = 2243561E20CD208A006472A3;
					};
					2243563D20CD208C006472A3 = {
						CreatedOnToolsVersion = 9.4;
						TestTargetID = 2243561E20CD208A006472A3;
					};
				};
			};
			buildConfigurationList = 2243561A20CD208A006472A3 /* Build configuration list for PBXProject "PRDemoApp" */;
			compatibilityVersion = "Xcode 9.3";
			developmentRegion = en;
			hasScannedForEncodings = 0;
			knownRegions = (
				en,
				Base,
			);
			mainGroup = 2243561620CD208A006472A3;
			productRefGroup = 2243562020CD208A006472A3 /* Products */;
			projectDirPath = "";
			projectRoot = "";
			targets = (
				2243561E20CD208A006472A3 /* PRDemoApp */,
				2243563220CD208C006472A3 /* PRDemoAppTests */,
				2243563D20CD208C006472A3 /* PRDemoAppUITests */,
			);
		};
/* End PBXProject section */

/* Begin PBXResourcesBuildPhase section */
		2243561D20CD208A006472A3 /* Resources */ = {
			isa = PBXResourcesBuildPhase;
			buildActionMask = 2147483647;
			files = (
				2243562D20CD208C006472A3 /* LaunchScreen.storyboard in Resources */,
				2243562A20CD208C006472A3 /* Assets.xcassets in Resources */,
			);
			runOnlyForDeploymentPostprocessing = 0;
		};
		2243563120CD208C006472A3 /* Resources */ = {
			isa = PBXResourcesBuildPhase;
			buildActionMask = 2147483647;
			files = (
			);
			runOnlyForDeploymentPostprocessing = 0;
		};
		2243563C20CD208C006472A3 /* Resources */ = {
			isa = PBXResourcesBuildPhase;
			buildActionMask = 2147483647;
			files = (
			);
			runOnlyForDeploymentPostprocessing = 0;
		};
/* End PBXResourcesBuildPhase section */

/* Begin PBXShellScriptBuildPhase section */
		2243565020CD2175006472A3 /* Swiftlint */ = {
			isa = PBXShellScriptBuildPhase;
			buildActionMask = 2147483647;
			files = (
			);
			inputPaths = (
			);
			name = Swiftlint;
			outputPaths = (
			);
			runOnlyForDeploymentPostprocessing = 0;
			shellPath = /bin/sh;
			shellScript = "\"${PODS_ROOT}/SwiftLint/swiftlint\"";
		};
		4BD6513D5A5D3D876507F76D /* [CP] Check Pods Manifest.lock */ = {
			isa = PBXShellScriptBuildPhase;
			buildActionMask = 2147483647;
			files = (
			);
			inputPaths = (
				"${PODS_PODFILE_DIR_PATH}/Podfile.lock",
				"${PODS_ROOT}/Manifest.lock",
			);
			name = "[CP] Check Pods Manifest.lock";
			outputPaths = (
				"$(DERIVED_FILE_DIR)/Pods-PRDemoAppTests-checkManifestLockResult.txt",
			);
			runOnlyForDeploymentPostprocessing = 0;
			shellPath = /bin/sh;
			shellScript = "diff \"${PODS_PODFILE_DIR_PATH}/Podfile.lock\" \"${PODS_ROOT}/Manifest.lock\" > /dev/null\nif [ $? != 0 ] ; then\n    # print error to STDERR\n    echo \"error: The sandbox is not in sync with the Podfile.lock. Run 'pod install' or update your CocoaPods installation.\" >&2\n    exit 1\nfi\n# This output is used by Xcode 'outputs' to avoid re-running this script phase.\necho \"SUCCESS\" > \"${SCRIPT_OUTPUT_FILE_0}\"\n";
			showEnvVarsInLog = 0;
		};
		70E4F94E713573A38AEB07B6 /* [CP] Embed Pods Frameworks */ = {
			isa = PBXShellScriptBuildPhase;
			buildActionMask = 2147483647;
			files = (
			);
			inputPaths = (
				"${SRCROOT}/Pods/Target Support Files/Pods-PRDemoApp/Pods-PRDemoApp-frameworks.sh",
				"${BUILT_PRODUCTS_DIR}/RxCocoa/RxCocoa.framework",
				"${BUILT_PRODUCTS_DIR}/RxSwift/RxSwift.framework",
			);
			name = "[CP] Embed Pods Frameworks";
			outputPaths = (
				"${TARGET_BUILD_DIR}/${FRAMEWORKS_FOLDER_PATH}/RxCocoa.framework",
				"${TARGET_BUILD_DIR}/${FRAMEWORKS_FOLDER_PATH}/RxSwift.framework",
			);
			runOnlyForDeploymentPostprocessing = 0;
			shellPath = /bin/sh;
			shellScript = "\"${SRCROOT}/Pods/Target Support Files/Pods-PRDemoApp/Pods-PRDemoApp-frameworks.sh\"\n";
			showEnvVarsInLog = 0;
		};
		B7AF0270718164372F58AE45 /* [CP] Check Pods Manifest.lock */ = {
			isa = PBXShellScriptBuildPhase;
			buildActionMask = 2147483647;
			files = (
			);
			inputPaths = (
				"${PODS_PODFILE_DIR_PATH}/Podfile.lock",
				"${PODS_ROOT}/Manifest.lock",
			);
			name = "[CP] Check Pods Manifest.lock";
			outputPaths = (
				"$(DERIVED_FILE_DIR)/Pods-PRDemoAppUITests-checkManifestLockResult.txt",
			);
			runOnlyForDeploymentPostprocessing = 0;
			shellPath = /bin/sh;
			shellScript = "diff \"${PODS_PODFILE_DIR_PATH}/Podfile.lock\" \"${PODS_ROOT}/Manifest.lock\" > /dev/null\nif [ $? != 0 ] ; then\n    # print error to STDERR\n    echo \"error: The sandbox is not in sync with the Podfile.lock. Run 'pod install' or update your CocoaPods installation.\" >&2\n    exit 1\nfi\n# This output is used by Xcode 'outputs' to avoid re-running this script phase.\necho \"SUCCESS\" > \"${SCRIPT_OUTPUT_FILE_0}\"\n";
			showEnvVarsInLog = 0;
		};
		EFFD35DEC99BD0BA37228846 /* [CP] Check Pods Manifest.lock */ = {
			isa = PBXShellScriptBuildPhase;
			buildActionMask = 2147483647;
			files = (
			);
			inputPaths = (
				"${PODS_PODFILE_DIR_PATH}/Podfile.lock",
				"${PODS_ROOT}/Manifest.lock",
			);
			name = "[CP] Check Pods Manifest.lock";
			outputPaths = (
				"$(DERIVED_FILE_DIR)/Pods-PRDemoApp-checkManifestLockResult.txt",
			);
			runOnlyForDeploymentPostprocessing = 0;
			shellPath = /bin/sh;
			shellScript = "diff \"${PODS_PODFILE_DIR_PATH}/Podfile.lock\" \"${PODS_ROOT}/Manifest.lock\" > /dev/null\nif [ $? != 0 ] ; then\n    # print error to STDERR\n    echo \"error: The sandbox is not in sync with the Podfile.lock. Run 'pod install' or update your CocoaPods installation.\" >&2\n    exit 1\nfi\n# This output is used by Xcode 'outputs' to avoid re-running this script phase.\necho \"SUCCESS\" > \"${SCRIPT_OUTPUT_FILE_0}\"\n";
			showEnvVarsInLog = 0;
		};
/* End PBXShellScriptBuildPhase section */

/* Begin PBXSourcesBuildPhase section */
		2243561B20CD208A006472A3 /* Sources */ = {
			isa = PBXSourcesBuildPhase;
			buildActionMask = 2147483647;
			files = (
				2243562320CD208A006472A3 /* AppDelegate.swift in Sources */,
			);
			runOnlyForDeploymentPostprocessing = 0;
		};
		2243562F20CD208C006472A3 /* Sources */ = {
			isa = PBXSourcesBuildPhase;
			buildActionMask = 2147483647;
			files = (
				2243563820CD208C006472A3 /* PRDemoAppTests.swift in Sources */,
			);
			runOnlyForDeploymentPostprocessing = 0;
		};
		2243563A20CD208C006472A3 /* Sources */ = {
			isa = PBXSourcesBuildPhase;
			buildActionMask = 2147483647;
			files = (
				2243564320CD208C006472A3 /* PRDemoAppUITests.swift in Sources */,
			);
			runOnlyForDeploymentPostprocessing = 0;
		};
/* End PBXSourcesBuildPhase section */

/* Begin PBXTargetDependency section */
		2243563520CD208C006472A3 /* PBXTargetDependency */ = {
			isa = PBXTargetDependency;
			target = 2243561E20CD208A006472A3 /* PRDemoApp */;
			targetProxy = 2243563420CD208C006472A3 /* PBXContainerItemProxy */;
		};
		2243564020CD208C006472A3 /* PBXTargetDependency */ = {
			isa = PBXTargetDependency;
			target = 2243561E20CD208A006472A3 /* PRDemoApp */;
			targetProxy = 2243563F20CD208C006472A3 /* PBXContainerItemProxy */;
		};
/* End PBXTargetDependency section */

/* Begin PBXVariantGroup section */
		2243562B20CD208C006472A3 /* LaunchScreen.storyboard */ = {
			isa = PBXVariantGroup;
			children = (
				2243562C20CD208C006472A3 /* Base */,
			);
			name = LaunchScreen.storyboard;
			sourceTree = "<group>";
		};
/* End PBXVariantGroup section */

/* Begin XCBuildConfiguration section */
		2243564520CD208C006472A3 /* Debug */ = {
			isa = XCBuildConfiguration;
			buildSettings = {
				ALWAYS_SEARCH_USER_PATHS = NO;
				CLANG_ANALYZER_NONNULL = YES;
				CLANG_ANALYZER_NUMBER_OBJECT_CONVERSION = YES_AGGRESSIVE;
				CLANG_CXX_LANGUAGE_STANDARD = "gnu++14";
				CLANG_CXX_LIBRARY = "libc++";
				CLANG_ENABLE_MODULES = YES;
				CLANG_ENABLE_OBJC_ARC = YES;
				CLANG_ENABLE_OBJC_WEAK = YES;
				CLANG_WARN_BLOCK_CAPTURE_AUTORELEASING = YES;
				CLANG_WARN_BOOL_CONVERSION = YES;
				CLANG_WARN_COMMA = YES;
				CLANG_WARN_CONSTANT_CONVERSION = YES;
				CLANG_WARN_DEPRECATED_OBJC_IMPLEMENTATIONS = YES;
				CLANG_WARN_DIRECT_OBJC_ISA_USAGE = YES_ERROR;
				CLANG_WARN_DOCUMENTATION_COMMENTS = YES;
				CLANG_WARN_EMPTY_BODY = YES;
				CLANG_WARN_ENUM_CONVERSION = YES;
				CLANG_WARN_INFINITE_RECURSION = YES;
				CLANG_WARN_INT_CONVERSION = YES;
				CLANG_WARN_NON_LITERAL_NULL_CONVERSION = YES;
				CLANG_WARN_OBJC_IMPLICIT_RETAIN_SELF = YES;
				CLANG_WARN_OBJC_LITERAL_CONVERSION = YES;
				CLANG_WARN_OBJC_ROOT_CLASS = YES_ERROR;
				CLANG_WARN_RANGE_LOOP_ANALYSIS = YES;
				CLANG_WARN_STRICT_PROTOTYPES = YES;
				CLANG_WARN_SUSPICIOUS_MOVE = YES;
				CLANG_WARN_UNGUARDED_AVAILABILITY = YES_AGGRESSIVE;
				CLANG_WARN_UNREACHABLE_CODE = YES;
				CLANG_WARN__DUPLICATE_METHOD_MATCH = YES;
				CODE_SIGN_IDENTITY = "iPhone Developer";
				COPY_PHASE_STRIP = NO;
				DEBUG_INFORMATION_FORMAT = dwarf;
				ENABLE_STRICT_OBJC_MSGSEND = YES;
				ENABLE_TESTABILITY = YES;
				GCC_C_LANGUAGE_STANDARD = gnu11;
				GCC_DYNAMIC_NO_PIC = NO;
				GCC_NO_COMMON_BLOCKS = YES;
				GCC_OPTIMIZATION_LEVEL = 0;
				GCC_PREPROCESSOR_DEFINITIONS = (
					"DEBUG=1",
					"$(inherited)",
				);
				GCC_WARN_64_TO_32_BIT_CONVERSION = YES;
				GCC_WARN_ABOUT_RETURN_TYPE = YES_ERROR;
				GCC_WARN_UNDECLARED_SELECTOR = YES;
				GCC_WARN_UNINITIALIZED_AUTOS = YES_AGGRESSIVE;
				GCC_WARN_UNUSED_FUNCTION = YES;
				GCC_WARN_UNUSED_VARIABLE = YES;
				IPHONEOS_DEPLOYMENT_TARGET = 11.4;
				MTL_ENABLE_DEBUG_INFO = YES;
				ONLY_ACTIVE_ARCH = YES;
				SDKROOT = iphoneos;
				SWIFT_ACTIVE_COMPILATION_CONDITIONS = DEBUG;
				SWIFT_OPTIMIZATION_LEVEL = "-Onone";
			};
			name = Debug;
		};
		2243564620CD208C006472A3 /* Release */ = {
			isa = XCBuildConfiguration;
			buildSettings = {
				ALWAYS_SEARCH_USER_PATHS = NO;
				CLANG_ANALYZER_NONNULL = YES;
				CLANG_ANALYZER_NUMBER_OBJECT_CONVERSION = YES_AGGRESSIVE;
				CLANG_CXX_LANGUAGE_STANDARD = "gnu++14";
				CLANG_CXX_LIBRARY = "libc++";
				CLANG_ENABLE_MODULES = YES;
				CLANG_ENABLE_OBJC_ARC = YES;
				CLANG_ENABLE_OBJC_WEAK = YES;
				CLANG_WARN_BLOCK_CAPTURE_AUTORELEASING = YES;
				CLANG_WARN_BOOL_CONVERSION = YES;
				CLANG_WARN_COMMA = YES;
				CLANG_WARN_CONSTANT_CONVERSION = YES;
				CLANG_WARN_DEPRECATED_OBJC_IMPLEMENTATIONS = YES;
				CLANG_WARN_DIRECT_OBJC_ISA_USAGE = YES_ERROR;
				CLANG_WARN_DOCUMENTATION_COMMENTS = YES;
				CLANG_WARN_EMPTY_BODY = YES;
				CLANG_WARN_ENUM_CONVERSION = YES;
				CLANG_WARN_INFINITE_RECURSION = YES;
				CLANG_WARN_INT_CONVERSION = YES;
				CLANG_WARN_NON_LITERAL_NULL_CONVERSION = YES;
				CLANG_WARN_OBJC_IMPLICIT_RETAIN_SELF = YES;
				CLANG_WARN_OBJC_LITERAL_CONVERSION = YES;
				CLANG_WARN_OBJC_ROOT_CLASS = YES_ERROR;
				CLANG_WARN_RANGE_LOOP_ANALYSIS = YES;
				CLANG_WARN_STRICT_PROTOTYPES = YES;
				CLANG_WARN_SUSPICIOUS_MOVE = YES;
				CLANG_WARN_UNGUARDED_AVAILABILITY = YES_AGGRESSIVE;
				CLANG_WARN_UNREACHABLE_CODE = YES;
				CLANG_WARN__DUPLICATE_METHOD_MATCH = YES;
				CODE_SIGN_IDENTITY = "iPhone Developer";
				COPY_PHASE_STRIP = NO;
				DEBUG_INFORMATION_FORMAT = "dwarf-with-dsym";
				ENABLE_NS_ASSERTIONS = NO;
				ENABLE_STRICT_OBJC_MSGSEND = YES;
				GCC_C_LANGUAGE_STANDARD = gnu11;
				GCC_NO_COMMON_BLOCKS = YES;
				GCC_WARN_64_TO_32_BIT_CONVERSION = YES;
				GCC_WARN_ABOUT_RETURN_TYPE = YES_ERROR;
				GCC_WARN_UNDECLARED_SELECTOR = YES;
				GCC_WARN_UNINITIALIZED_AUTOS = YES_AGGRESSIVE;
				GCC_WARN_UNUSED_FUNCTION = YES;
				GCC_WARN_UNUSED_VARIABLE = YES;
				IPHONEOS_DEPLOYMENT_TARGET = 11.4;
				MTL_ENABLE_DEBUG_INFO = NO;
				SDKROOT = iphoneos;
				SWIFT_COMPILATION_MODE = wholemodule;
				SWIFT_OPTIMIZATION_LEVEL = "-O";
				VALIDATE_PRODUCT = YES;
			};
			name = Release;
		};
		2243564820CD208C006472A3 /* Debug */ = {
			isa = XCBuildConfiguration;
			baseConfigurationReference = E2DAC7F497FF2B748B5A9693 /* Pods-PRDemoApp.debug.xcconfig */;
			buildSettings = {
				ASSETCATALOG_COMPILER_APPICON_NAME = AppIcon;
				CODE_SIGN_STYLE = Automatic;
				DEVELOPMENT_TEAM = 9B4L4655ZF;
				INFOPLIST_FILE = PRDemoApp/Info.plist;
				LD_RUNPATH_SEARCH_PATHS = (
					"$(inherited)",
					"@executable_path/Frameworks",
				);
				PRODUCT_BUNDLE_IDENTIFIER = com.samwatts.PRDemoApp;
				PRODUCT_NAME = "$(TARGET_NAME)";
				SWIFT_VERSION = 4.0;
				TARGETED_DEVICE_FAMILY = "1,2";
			};
			name = Debug;
		};
		2243564920CD208C006472A3 /* Release */ = {
			isa = XCBuildConfiguration;
			baseConfigurationReference = 36DD919A1F0B8BBA0B2BA634 /* Pods-PRDemoApp.release.xcconfig */;
			buildSettings = {
				ASSETCATALOG_COMPILER_APPICON_NAME = AppIcon;
				CODE_SIGN_STYLE = Automatic;
				DEVELOPMENT_TEAM = 9B4L4655ZF;
				INFOPLIST_FILE = PRDemoApp/Info.plist;
				LD_RUNPATH_SEARCH_PATHS = (
					"$(inherited)",
					"@executable_path/Frameworks",
				);
				PRODUCT_BUNDLE_IDENTIFIER = com.samwatts.PRDemoApp;
				PRODUCT_NAME = "$(TARGET_NAME)";
				SWIFT_VERSION = 4.0;
				TARGETED_DEVICE_FAMILY = "1,2";
			};
			name = Release;
		};
		2243564B20CD208C006472A3 /* Debug */ = {
			isa = XCBuildConfiguration;
			baseConfigurationReference = A5F1234090A3217357DF1720 /* Pods-PRDemoAppTests.debug.xcconfig */;
			buildSettings = {
				ALWAYS_EMBED_SWIFT_STANDARD_LIBRARIES = YES;
				BUNDLE_LOADER = "$(TEST_HOST)";
				CODE_SIGN_STYLE = Automatic;
				DEVELOPMENT_TEAM = 9B4L4655ZF;
				INFOPLIST_FILE = PRDemoAppTests/Info.plist;
				LD_RUNPATH_SEARCH_PATHS = (
					"$(inherited)",
					"@executable_path/Frameworks",
					"@loader_path/Frameworks",
				);
				PRODUCT_BUNDLE_IDENTIFIER = com.samwatts.PRDemoAppTests;
				PRODUCT_NAME = "$(TARGET_NAME)";
				SWIFT_VERSION = 4.0;
				TARGETED_DEVICE_FAMILY = "1,2";
				TEST_HOST = "$(BUILT_PRODUCTS_DIR)/PRDemoApp.app/PRDemoApp";
			};
			name = Debug;
		};
		2243564C20CD208C006472A3 /* Release */ = {
			isa = XCBuildConfiguration;
			baseConfigurationReference = 2712C9C0E409CBFEF48B2B6F /* Pods-PRDemoAppTests.release.xcconfig */;
			buildSettings = {
				ALWAYS_EMBED_SWIFT_STANDARD_LIBRARIES = YES;
				BUNDLE_LOADER = "$(TEST_HOST)";
				CODE_SIGN_STYLE = Automatic;
				DEVELOPMENT_TEAM = 9B4L4655ZF;
				INFOPLIST_FILE = PRDemoAppTests/Info.plist;
				LD_RUNPATH_SEARCH_PATHS = (
					"$(inherited)",
					"@executable_path/Frameworks",
					"@loader_path/Frameworks",
				);
				PRODUCT_BUNDLE_IDENTIFIER = com.samwatts.PRDemoAppTests;
				PRODUCT_NAME = "$(TARGET_NAME)";
				SWIFT_VERSION = 4.0;
				TARGETED_DEVICE_FAMILY = "1,2";
				TEST_HOST = "$(BUILT_PRODUCTS_DIR)/PRDemoApp.app/PRDemoApp";
			};
			name = Release;
		};
		2243564E20CD208C006472A3 /* Debug */ = {
			isa = XCBuildConfiguration;
			baseConfigurationReference = 822D8CC98075F8B9D320D345 /* Pods-PRDemoAppUITests.debug.xcconfig */;
			buildSettings = {
				ALWAYS_EMBED_SWIFT_STANDARD_LIBRARIES = YES;
				CODE_SIGN_STYLE = Automatic;
				DEVELOPMENT_TEAM = 9B4L4655ZF;
				INFOPLIST_FILE = PRDemoAppUITests/Info.plist;
				LD_RUNPATH_SEARCH_PATHS = (
					"$(inherited)",
					"@executable_path/Frameworks",
					"@loader_path/Frameworks",
				);
				PRODUCT_BUNDLE_IDENTIFIER = com.samwatts.PRDemoAppUITests;
				PRODUCT_NAME = "$(TARGET_NAME)";
				SWIFT_VERSION = 4.0;
				TARGETED_DEVICE_FAMILY = "1,2";
				TEST_TARGET_NAME = PRDemoApp;
			};
			name = Debug;
		};
		2243564F20CD208C006472A3 /* Release */ = {
			isa = XCBuildConfiguration;
			baseConfigurationReference = F170B9D0B9676F60B898409A /* Pods-PRDemoAppUITests.release.xcconfig */;
			buildSettings = {
				ALWAYS_EMBED_SWIFT_STANDARD_LIBRARIES = YES;
				CODE_SIGN_STYLE = Automatic;
				DEVELOPMENT_TEAM = 9B4L4655ZF;
				INFOPLIST_FILE = PRDemoAppUITests/Info.plist;
				LD_RUNPATH_SEARCH_PATHS = (
					"$(inherited)",
					"@executable_path/Frameworks",
					"@loader_path/Frameworks",
				);
				PRODUCT_BUNDLE_IDENTIFIER = com.samwatts.PRDemoAppUITests;
				PRODUCT_NAME = "$(TARGET_NAME)";
				SWIFT_VERSION = 4.0;
				TARGETED_DEVICE_FAMILY = "1,2";
				TEST_TARGET_NAME = PRDemoApp;
			};
			name = Release;
		};
/* End XCBuildConfiguration section */

/* Begin XCConfigurationList section */
		2243561A20CD208A006472A3 /* Build configuration list for PBXProject "PRDemoApp" */ = {
			isa = XCConfigurationList;
			buildConfigurations = (
				2243564520CD208C006472A3 /* Debug */,
				2243564620CD208C006472A3 /* Release */,
			);
			defaultConfigurationIsVisible = 0;
			defaultConfigurationName = Release;
		};
		2243564720CD208C006472A3 /* Build configuration list for PBXNativeTarget "PRDemoApp" */ = {
			isa = XCConfigurationList;
			buildConfigurations = (
				2243564820CD208C006472A3 /* Debug */,
				2243564920CD208C006472A3 /* Release */,
			);
			defaultConfigurationIsVisible = 0;
			defaultConfigurationName = Release;
		};
		2243564A20CD208C006472A3 /* Build configuration list for PBXNativeTarget "PRDemoAppTests" */ = {
			isa = XCConfigurationList;
			buildConfigurations = (
				2243564B20CD208C006472A3 /* Debug */,
				2243564C20CD208C006472A3 /* Release */,
			);
			defaultConfigurationIsVisible = 0;
			defaultConfigurationName = Release;
		};
		2243564D20CD208C006472A3 /* Build configuration list for PBXNativeTarget "PRDemoAppUITests" */ = {
			isa = XCConfigurationList;
			buildConfigurations = (
				2243564E20CD208C006472A3 /* Debug */,
				2243564F20CD208C006472A3 /* Release */,
			);
			defaultConfigurationIsVisible = 0;
			defaultConfigurationName = Release;
		};
/* End XCConfigurationList section */
	};
	rootObject = 2243561720CD208A006472A3 /* Project object */;
}
